{
  "name": "media-library",
  "version": "1.0.0",
  "lockfileVersion": 1,
  "dependencies": {
    "collections": {
      "version": "5.0.6",
      "resolved": "https://registry.npmjs.org/collections/-/collections-5.0.6.tgz",
      "integrity": "sha1-U5wOxvMAzsjx2iB8uo0WXLu7aZI="
    },
    "node-getopt": {
      "version": "0.2.3",
      "resolved": "https://registry.npmjs.org/node-getopt/-/node-getopt-0.2.3.tgz",
      "integrity": "sha1-aau8flQAYA0drPANuMt5tUh+kks="
    },
    "weak-map": {
      "version": "1.0.5",
      "resolved": "https://registry.npmjs.org/weak-map/-/weak-map-1.0.5.tgz",
      "integrity": "sha1-eWkVhNmGB/UHC9O3CkDmuyLkAes="
    }
  }
}
